// !$*UTF8*$!
{
	archiveVersion = 1;
	classes = {
	};
	objectVersion = 46;
	objects = {

/* Begin PBXBuildFile section */
		BA22B2061B57F46200CD14CB /* AppDelegate.swift in Sources */ = {isa = PBXBuildFile; fileRef = BA22B2051B57F46200CD14CB /* AppDelegate.swift */; };
		BA22B2081B57F46200CD14CB /* ViewController.swift in Sources */ = {isa = PBXBuildFile; fileRef = BA22B2071B57F46200CD14CB /* ViewController.swift */; };
		BA22B20B1B57F46200CD14CB /* Main.storyboard in Resources */ = {isa = PBXBuildFile; fileRef = BA22B2091B57F46200CD14CB /* Main.storyboard */; };
		BA22B20D1B57F46200CD14CB /* Images.xcassets in Resources */ = {isa = PBXBuildFile; fileRef = BA22B20C1B57F46200CD14CB /* Images.xcassets */; };
		BA22B2101B57F46200CD14CB /* LaunchScreen.xib in Resources */ = {isa = PBXBuildFile; fileRef = BA22B20E1B57F46200CD14CB /* LaunchScreen.xib */; };
		BA22B21C1B57F46200CD14CB /* Project18iAdAndDebuggingTests.swift in Sources */ = {isa = PBXBuildFile; fileRef = BA22B21B1B57F46200CD14CB /* Project18iAdAndDebuggingTests.swift */; };
/* End PBXBuildFile section */

/* Begin PBXContainerItemProxy section */
		BA22B2161B57F46200CD14CB /* PBXContainerItemProxy */ = {
			isa = PBXContainerItemProxy;
			containerPortal = BA22B1F81B57F46200CD14CB /* Project object */;
			proxyType = 1;
			remoteGlobalIDString = BA22B1FF1B57F46200CD14CB;
			remoteInfo = Project18iAdAndDebugging;
		};
/* End PBXContainerItemProxy section */

/* Begin PBXFileReference section */
		BA22B2001B57F46200CD14CB /* Project18iAdAndDebugging.app */ = {isa = PBXFileReference; explicitFileType = wrapper.application; includeInIndex = 0; path = Project18iAdAndDebugging.app; sourceTree = BUILT_PRODUCTS_DIR; };
		BA22B2041B57F46200CD14CB /* Info.plist */ = {isa = PBXFileReference; lastKnownFileType = text.plist.xml; path = Info.plist; sourceTree = "<group>"; };
		BA22B2051B57F46200CD14CB /* AppDelegate.swift */ = {isa = PBXFileReference; lastKnownFileType = sourcecode.swift; path = AppDelegate.swift; sourceTree = "<group>"; };
		BA22B2071B57F46200CD14CB /* ViewController.swift */ = {isa = PBXFileReference; lastKnownFileType = sourcecode.swift; path = ViewController.swift; sourceTree = "<group>"; };
		BA22B20A1B57F46200CD14CB /* Base */ = {isa = PBXFileReference; lastKnownFileType = file.storyboard; name = Base; path = Base.lproj/Main.storyboard; sourceTree = "<group>"; };
		BA22B20C1B57F46200CD14CB /* Images.xcassets */ = {isa = PBXFileReference; lastKnownFileType = folder.assetcatalog; path = Images.xcassets; sourceTree = "<group>"; };
		BA22B20F1B57F46200CD14CB /* Base */ = {isa = PBXFileReference; lastKnownFileType = file.xib; name = Base; path = Base.lproj/LaunchScreen.xib; sourceTree = "<group>"; };
		BA22B2151B57F46200CD14CB /* Project18iAdAndDebuggingTests.xctest */ = {isa = PBXFileReference; explicitFileType = wrapper.cfbundle; includeInIndex = 0; path = Project18iAdAndDebuggingTests.xctest; sourceTree = BUILT_PRODUCTS_DIR; };
		BA22B21A1B57F46200CD14CB /* Info.plist */ = {isa = PBXFileReference; lastKnownFileType = text.plist.xml; path = Info.plist; sourceTree = "<group>"; };
		BA22B21B1B57F46200CD14CB /* Project18iAdAndDebuggingTests.swift */ = {isa = PBXFileReference; lastKnownFileType = sourcecode.swift; path = Project18iAdAndDebuggingTests.swift; sourceTree = "<group>"; };
/* End PBXFileReference section */

/* Begin PBXFrameworksBuildPhase section */
		BA22B1FD1B57F46200CD14CB /* Frameworks */ = {
			isa = PBXFrameworksBuildPhase;
			buildActionMask = 2147483647;
			files = (
			);
			runOnlyForDeploymentPostprocessing = 0;
		};
		BA22B2121B57F46200CD14CB /* Frameworks */ = {
			isa = PBXFrameworksBuildPhase;
			buildActionMask = 2147483647;
			files = (
			);
			runOnlyForDeploymentPostprocessing = 0;
		};
/* End PBXFrameworksBuildPhase section */

/* Begin PBXGroup section */
		BA22B1F71B57F46200CD14CB = {
			isa = PBXGroup;
			children = (
				BA22B2021B57F46200CD14CB /* Project18iAdAndDebugging */,
				BA22B2181B57F46200CD14CB /* Project18iAdAndDebuggingTests */,
				BA22B2011B57F46200CD14CB /* Products */,
			);
			sourceTree = "<group>";
		};
		BA22B2011B57F46200CD14CB /* Products */ = {
			isa = PBXGroup;
			children = (
				BA22B2001B57F46200CD14CB /* Project18iAdAndDebugging.app */,
				BA22B2151B57F46200CD14CB /* Project18iAdAndDebuggingTests.xctest */,
			);
			name = Products;
			sourceTree = "<group>";
		};
		BA22B2021B57F46200CD14CB /* Project18iAdAndDebugging */ = {
			isa = PBXGroup;
			children = (
				BA22B2051B57F46200CD14CB /* AppDelegate.swift */,
				BA22B2071B57F46200CD14CB /* ViewController.swift */,
				BA22B2091B57F46200CD14CB /* Main.storyboard */,
				BA22B20C1B57F46200CD14CB /* Images.xcassets */,
				BA22B20E1B57F46200CD14CB /* LaunchScreen.xib */,
				BA22B2031B57F46200CD14CB /* Supporting Files */,
			);
			path = Project18iAdAndDebugging;
			sourceTree = "<group>";
		};
		BA22B2031B57F46200CD14CB /* Supporting Files */ = {
			isa = PBXGroup;
			children = (
				BA22B2041B57F46200CD14CB /* Info.plist */,
			);
			name = "Supporting Files";
			sourceTree = "<group>";
		};
		BA22B2181B57F46200CD14CB /* Project18iAdAndDebuggingTests */ = {
			isa = PBXGroup;
			children = (
				BA22B21B1B57F46200CD14CB /* Project18iAdAndDebuggingTests.swift */,
				BA22B2191B57F46200CD14CB /* Supporting Files */,
			);
			path = Project18iAdAndDebuggingTests;
			sourceTree = "<group>";
		};
		BA22B2191B57F46200CD14CB /* Supporting Files */ = {
			isa = PBXGroup;
			children = (
				BA22B21A1B57F46200CD14CB /* Info.plist */,
			);
			name = "Supporting Files";
			sourceTree = "<group>";
		};
/* End PBXGroup section */

/* Begin PBXNativeTarget section */
		BA22B1FF1B57F46200CD14CB /* Project18iAdAndDebugging */ = {
			isa = PBXNativeTarget;
			buildConfigurationList = BA22B21F1B57F46300CD14CB /* Build configuration list for PBXNativeTarget "Project18iAdAndDebugging" */;
			buildPhases = (
				BA22B1FC1B57F46200CD14CB /* Sources */,
				BA22B1FD1B57F46200CD14CB /* Frameworks */,
				BA22B1FE1B57F46200CD14CB /* Resources */,
			);
			buildRules = (
			);
			dependencies = (
			);
			name = Project18iAdAndDebugging;
			productName = Project18iAdAndDebugging;
			productReference = BA22B2001B57F46200CD14CB /* Project18iAdAndDebugging.app */;
			productType = "com.apple.product-type.application";
		};
		BA22B2141B57F46200CD14CB /* Project18iAdAndDebuggingTests */ = {
			isa = PBXNativeTarget;
			buildConfigurationList = BA22B2221B57F46300CD14CB /* Build configuration list for PBXNativeTarget "Project18iAdAndDebuggingTests" */;
			buildPhases = (
				BA22B2111B57F46200CD14CB /* Sources */,
				BA22B2121B57F46200CD14CB /* Frameworks */,
				BA22B2131B57F46200CD14CB /* Resources */,
			);
			buildRules = (
			);
			dependencies = (
				BA22B2171B57F46200CD14CB /* PBXTargetDependency */,
			);
			name = Project18iAdAndDebuggingTests;
			productName = Project18iAdAndDebuggingTests;
			productReference = BA22B2151B57F46200CD14CB /* Project18iAdAndDebuggingTests.xctest */;
			productType = "com.apple.product-type.bundle.unit-test";
		};
/* End PBXNativeTarget section */

/* Begin PBXProject section */
		BA22B1F81B57F46200CD14CB /* Project object */ = {
			isa = PBXProject;
			attributes = {
				LastUpgradeCheck = 0630;
				ORGANIZATIONNAME = Henry;
				TargetAttributes = {
					BA22B1FF1B57F46200CD14CB = {
						CreatedOnToolsVersion = 6.3.2;
					};
					BA22B2141B57F46200CD14CB = {
						CreatedOnToolsVersion = 6.3.2;
						TestTargetID = BA22B1FF1B57F46200CD14CB;
					};
				};
			};
			buildConfigurationList = BA22B1FB1B57F46200CD14CB /* Build configuration list for PBXProject "Project18iAdAndDebugging" */;
			compatibilityVersion = "Xcode 3.2";
			developmentRegion = English;
			hasScannedForEncodings = 0;
			knownRegions = (
				en,
				Base,
			);
			mainGroup = BA22B1F71B57F46200CD14CB;
			productRefGroup = BA22B2011B57F46200CD14CB /* Products */;
			projectDirPath = "";
			projectRoot = "";
			targets = (
				BA22B1FF1B57F46200CD14CB /* Project18iAdAndDebugging */,
				BA22B2141B57F46200CD14CB /* Project18iAdAndDebuggingTests */,
			);
		};
/* End PBXProject section */

/* Begin PBXResourcesBuildPhase section */
		BA22B1FE1B57F46200CD14CB /* Resources */ = {
			isa = PBXResourcesBuildPhase;
			buildActionMask = 2147483647;
			files = (
				BA22B20B1B57F46200CD14CB /* Main.storyboard in Resources */,
				BA22B2101B57F46200CD14CB /* LaunchScreen.xib in Resources */,
				BA22B20D1B57F46200CD14CB /* Images.xcassets in Resources */,
			);
			runOnlyForDeploymentPostprocessing = 0;
		};
		BA22B2131B57F46200CD14CB /* Resources */ = {
			isa = PBXResourcesBuildPhase;
			buildActionMask = 2147483647;
			files = (
			);
			runOnlyForDeploymentPostprocessing = 0;
		};
/* End PBXResourcesBuildPhase section */

/* Begin PBXSourcesBuildPhase section */
		BA22B1FC1B57F46200CD14CB /* Sources */ = {
			isa = PBXSourcesBuildPhase;
			buildActionMask = 2147483647;
			files = (
				BA22B2081B57F46200CD14CB /* ViewController.swift in Sources */,
				BA22B2061B57F46200CD14CB /* AppDelegate.swift in Sources */,
			);
			runOnlyForDeploymentPostprocessing = 0;
		};
		BA22B2111B57F46200CD14CB /* Sources */ = {
			isa = PBXSourcesBuildPhase;
			buildActionMask = 2147483647;
			files = (
				BA22B21C1B57F46200CD14CB /* Project18iAdAndDebuggingTests.swift in Sources */,
			);
			runOnlyForDeploymentPostprocessing = 0;
		};
/* End PBXSourcesBuildPhase section */

/* Begin PBXTargetDependency section */
		BA22B2171B57F46200CD14CB /* PBXTargetDependency */ = {
			isa = PBXTargetDependency;
			target = BA22B1FF1B57F46200CD14CB /* Project18iAdAndDebugging */;
			targetProxy = BA22B2161B57F46200CD14CB /* PBXContainerItemProxy */;
		};
/* End PBXTargetDependency section */

/* Begin PBXVariantGroup section */
		BA22B2091B57F46200CD14CB /* Main.storyboard */ = {
			isa = PBXVariantGroup;
			children = (
				BA22B20A1B57F46200CD14CB /* Base */,
			);
			name = Main.storyboard;
			sourceTree = "<group>";
		};
		BA22B20E1B57F46200CD14CB /* LaunchScreen.xib */ = {
			isa = PBXVariantGroup;
			children = (
				BA22B20F1B57F46200CD14CB /* Base */,
			);
			name = LaunchScreen.xib;
			sourceTree = "<group>";
		};
/* End PBXVariantGroup section */

/* Begin XCBuildConfiguration section */
		BA22B21D1B57F46200CD14CB /* Debug */ = {
			isa = XCBuildConfiguration;
			buildSettings = {
				ALWAYS_SEARCH_USER_PATHS = NO;
				CLANG_CXX_LANGUAGE_STANDARD = "gnu++0x";
				CLANG_CXX_LIBRARY = "libc++";
				CLANG_ENABLE_MODULES = YES;
				CLANG_ENABLE_OBJC_ARC = YES;
				CLANG_WARN_BOOL_CONVERSION = YES;
				CLANG_WARN_CONSTANT_CONVERSION = YES;
				CLANG_WARN_DIRECT_OBJC_ISA_USAGE = YES_ERROR;
				CLANG_WARN_EMPTY_BODY = YES;
				CLANG_WARN_ENUM_CONVERSION = YES;
				CLANG_WARN_INT_CONVERSION = YES;
				CLANG_WARN_OBJC_ROOT_CLASS = YES_ERROR;
				CLANG_WARN_UNREACHABLE_CODE = YES;
				CLANG_WARN__DUPLICATE_METHOD_MATCH = YES;
				"CODE_SIGN_IDENTITY[sdk=iphoneos*]" = "iPhone Developer";
				COPY_PHASE_STRIP = NO;
				DEBUG_INFORMATION_FORMAT = "dwarf-with-dsym";
				ENABLE_STRICT_OBJC_MSGSEND = YES;
				GCC_C_LANGUAGE_STANDARD = gnu99;
				GCC_DYNAMIC_NO_PIC = NO;
				GCC_NO_COMMON_BLOCKS = YES;
				GCC_OPTIMIZATION_LEVEL = 0;
				GCC_PREPROCESSOR_DEFINITIONS = (
					"DEBUG=1",
					"$(inherited)",
				);
				GCC_SYMBOLS_PRIVATE_EXTERN = NO;
				GCC_WARN_64_TO_32_BIT_CONVERSION = YES;
				GCC_WARN_ABOUT_RETURN_TYPE = YES_ERROR;
				GCC_WARN_UNDECLARED_SELECTOR = YES;
				GCC_WARN_UNINITIALIZED_AUTOS = YES_AGGRESSIVE;
				GCC_WARN_UNUSED_FUNCTION = YES;
				GCC_WARN_UNUSED_VARIABLE = YES;
				IPHONEOS_DEPLOYMENT_TARGET = 8.3;
				MTL_ENABLE_DEBUG_INFO = YES;
				ONLY_ACTIVE_ARCH = YES;
				SDKROOT = iphoneos;
				SWIFT_OPTIMIZATION_LEVEL = "-Onone";
			};
			name = Debug;
		};
		BA22B21E1B57F46200CD14CB /* Release */ = {
			isa = XCBuildConfiguration;
			buildSettings = {
				ALWAYS_SEARCH_USER_PATHS = NO;
				CLANG_CXX_LANGUAGE_STANDARD = "gnu++0x";
				CLANG_CXX_LIBRARY = "libc++";
				CLANG_ENABLE_MODULES = YES;
				CLANG_ENABLE_OBJC_ARC = YES;
				CLANG_WARN_BOOL_CONVERSION = YES;
				CLANG_WARN_CONSTANT_CONVERSION = YES;
				CLANG_WARN_DIRECT_OBJC_ISA_USAGE = YES_ERROR;
				CLANG_WARN_EMPTY_BODY = YES;
				CLANG_WARN_ENUM_CONVERSION = YES;
				CLANG_WARN_INT_CONVERSION = YES;
				CLANG_WARN_OBJC_ROOT_CLASS = YES_ERROR;
				CLANG_WARN_UNREACHABLE_CODE = YES;
				CLANG_WARN__DUPLICATE_METHOD_MATCH = YES;
				"CODE_SIGN_IDENTITY[sdk=iphoneos*]" = "iPhone Developer";
				COPY_PHASE_STRIP = NO;
				DEBUG_INFORMATION_FORMAT = "dwarf-with-dsym";
				ENABLE_NS_ASSERTIONS = NO;
				ENABLE_STRICT_OBJC_MSGSEND = YES;
				GCC_C_LANGUAGE_STANDARD = gnu99;
				GCC_NO_COMMON_BLOCKS = YES;
				GCC_WARN_64_TO_32_BIT_CONVERSION = YES;
				GCC_WARN_ABOUT_RETURN_TYPE = YES_ERROR;
				GCC_WARN_UNDECLARED_SELECTOR = YES;
				GCC_WARN_UNINITIALIZED_AUTOS = YES_AGGRESSIVE;
				GCC_WARN_UNUSED_FUNCTION = YES;
				GCC_WARN_UNUSED_VARIABLE = YES;
				IPHONEOS_DEPLOYMENT_TARGET = 8.3;
				MTL_ENABLE_DEBUG_INFO = NO;
				SDKROOT = iphoneos;
				VALIDATE_PRODUCT = YES;
			};
			name = Release;
		};
		BA22B2201B57F46300CD14CB /* Debug */ = {
			isa = XCBuildConfiguration;
			buildSettings = {
				ASSETCATALOG_COMPILER_APPICON_NAME = AppIcon;
				INFOPLIST_FILE = Project18iAdAndDebugging/Info.plist;
				LD_RUNPATH_SEARCH_PATHS = "$(inherited) @executable_path/Frameworks";
				PRODUCT_NAME = "$(TARGET_NAME)";
			};
			name = Debug;
		};
		BA22B2211B57F46300CD14CB /* Release */ = {
			isa = XCBuildConfiguration;
			buildSettings = {
				ASSETCATALOG_COMPILER_APPICON_NAME = AppIcon;
				INFOPLIST_FILE = Project18iAdAndDebugging/Info.plist;
				LD_RUNPATH_SEARCH_PATHS = "$(inherited) @executable_path/Frameworks";
				PRODUCT_NAME = "$(TARGET_NAME)";
			};
			name = Release;
		};
		BA22B2231B57F46300CD14CB /* Debug */ = {
			isa = XCBuildConfiguration;
			buildSettings = {
				BUNDLE_LOADER = "$(TEST_HOST)";
				FRAMEWORK_SEARCH_PATHS = (
					"$(SDKROOT)/Developer/Library/Frameworks",
					"$(inherited)",
				);
				GCC_PREPROCESSOR_DEFINITIONS = (
					"DEBUG=1",
					"$(inherited)",
				);
				INFOPLIST_FILE = Project18iAdAndDebuggingTests/Info.plist;
				LD_RUNPATH_SEARCH_PATHS = "$(inherited) @executable_path/Frameworks @loader_path/Frameworks";
				PRODUCT_NAME = "$(TARGET_NAME)";
				TEST_HOST = "$(BUILT_PRODUCTS_DIR)/Project18iAdAndDebugging.app/Project18iAdAndDebugging";
			};
			name = Debug;
		};
		BA22B2241B57F46300CD14CB /* Release */ = {
			isa = XCBuildConfiguration;
			buildSettings = {
				BUNDLE_LOADER = "$(TEST_HOST)";
				FRAMEWORK_SEARCH_PATHS = (
					"$(SDKROOT)/Developer/Library/Frameworks",
					"$(inherited)",
				);
				INFOPLIST_FILE = Project18iAdAndDebuggingTests/Info.plist;
				LD_RUNPATH_SEARCH_PATHS = "$(inherited) @executable_path/Frameworks @loader_path/Frameworks";
				PRODUCT_NAME = "$(TARGET_NAME)";
				TEST_HOST = "$(BUILT_PRODUCTS_DIR)/Project18iAdAndDebugging.app/Project18iAdAndDebugging";
			};
			name = Release;
		};
/* End XCBuildConfiguration section */

/* Begin XCConfigurationList section */
		BA22B1FB1B57F46200CD14CB /* Build configuration list for PBXProject "Project18iAdAndDebugging" */ = {
			isa = XCConfigurationList;
			buildConfigurations = (
				BA22B21D1B57F46200CD14CB /* Debug */,
				BA22B21E1B57F46200CD14CB /* Release */,
			);
			defaultConfigurationIsVisible = 0;
			defaultConfigurationName = Release;
		};
		BA22B21F1B57F46300CD14CB /* Build configuration list for PBXNativeTarget "Project18iAdAndDebugging" */ = {
			isa = XCConfigurationList;
			buildConfigurations = (
				BA22B2201B57F46300CD14CB /* Debug */,
				BA22B2211B57F46300CD14CB /* Release */,
			);
			defaultConfigurationIsVisible = 0;
		};
		BA22B2221B57F46300CD14CB /* Build configuration list for PBXNativeTarget "Project18iAdAndDebuggingTests" */ = {
			isa = XCConfigurationList;
			buildConfigurations = (
				BA22B2231B57F46300CD14CB /* Debug */,
				BA22B2241B57F46300CD14CB /* Release */,
			);
			defaultConfigurationIsVisible = 0;
		};
/* End XCConfigurationList section */
	};
	rootObject = BA22B1F81B57F46200CD14CB /* Project object */;
}
